Microsoft Visual Studio Solution File, Format Version 12.00
# Visual Studio Version 16
VisualStudioVersion = 16.0.0.0
MinimumVisualStudioVersion = 16.0.0.0
Project("{9A19103F-16F7-4668-BE54-9A1E7A4F7556}") = "PosSelfOrdering", "PosSelfOrdering\PosSelfOrdering.csproj", "{123EB2C8-EB7D-447D-854A-047234585052}"
EndProject
Project("{9A19103F-16F7-4668-BE54-9A1E7A4F7556}") = "PosSelfOrdering.Client", "PosSelfOrdering.Client\PosSelfOrdering.Client.csproj", "{677FDAC2-0BF6-4DF2-A9F6-62A39A921860}"
EndProject
Global
	GlobalSection(SolutionConfigurationPlatforms) = preSolution
		Debug|Any CPU = Debug|Any CPU
		Debug|x64 = Debug|x64
		Debug|x86 = Debug|x86
		Release|Any CPU = Release|Any CPU
		Release|x64 = Release|x64
		Release|x86 = Release|x86
	EndGlobalSection
	GlobalSection(ProjectConfigurationPlatforms) = postSolution
		{677FDAC2-0BF6-4DF2-A9F6-62A39A921860}.Debug|Any CPU.ActiveCfg = Debug|Any CPU
		{677FDAC2-0BF6-4DF2-A9F6-62A39A921860}.Debug|Any CPU.Build.0 = Debug|Any CPU
		{677FDAC2-0BF6-4DF2-A9F6-62A39A921860}.Debug|x64.ActiveCfg = Debug|Any CPU
		{677FDAC2-0BF6-4DF2-A9F6-62A39A921860}.Debug|x64.Build.0 = Debug|Any CPU
		{677FDAC2-0BF6-4DF2-A9F6-62A39A921860}.Debug|x86.ActiveCfg = Debug|Any CPU
		{677FDAC2-0BF6-4DF2-A9F6-62A39A921860}.Debug|x86.Build.0 = Debug|Any CPU
		{677FDAC2-0BF6-4DF2-A9F6-62A39A921860}.Release|Any CPU.ActiveCfg = Release|Any CPU
		{677FDAC2-0BF6-4DF2-A9F6-62A39A921860}.Release|Any CPU.Build.0 = Release|Any CPU
		{677FDAC2-0BF6-4DF2-A9F6-62A39A921860}.Release|x64.ActiveCfg = Release|Any CPU
		{677FDAC2-0BF6-4DF2-A9F6-62A39A921860}.Release|x64.Build.0 = Release|Any CPU
		{677FDAC2-0BF6-4DF2-A9F6-62A39A921860}.Release|x86.ActiveCfg = Release|Any CPU
		{677FDAC2-0BF6-4DF2-A9F6-62A39A921860}.Release|x86.Build.0 = Release|Any CPU
		{123EB2C8-EB7D-447D-854A-047234585052}.Debug|Any CPU.ActiveCfg = Debug|Any CPU
		{123EB2C8-EB7D-447D-854A-047234585052}.Debug|Any CPU.Build.0 = Debug|Any CPU
		{123EB2C8-EB7D-447D-854A-047234585052}.Debug|x64.ActiveCfg = Debug|Any CPU
		{123EB2C8-EB7D-447D-854A-047234585052}.Debug|x64.Build.0 = Debug|Any CPU
		{123EB2C8-EB7D-447D-854A-047234585052}.Debug|x86.ActiveCfg = Debug|Any CPU
		{123EB2C8-EB7D-447D-854A-047234585052}.Debug|x86.Build.0 = Debug|Any CPU
		{123EB2C8-EB7D-447D-854A-047234585052}.Release|Any CPU.ActiveCfg = Release|Any CPU
		{123EB2C8-EB7D-447D-854A-047234585052}.Release|Any CPU.Build.0 = Release|Any CPU
		{123EB2C8-EB7D-447D-854A-047234585052}.Release|x64.ActiveCfg = Release|Any CPU
		{123EB2C8-EB7D-447D-854A-047234585052}.Release|x64.Build.0 = Release|Any CPU
		{123EB2C8-EB7D-447D-854A-047234585052}.Release|x86.ActiveCfg = Release|Any CPU
		{123EB2C8-EB7D-447D-854A-047234585052}.Release|x86.Build.0 = Release|Any CPU
	EndGlobalSection
	GlobalSection(SolutionProperties) = preSolution
		HideSolutionNode = FALSE
	EndGlobalSection
	GlobalSection(ExtensibilityGlobals) = postSolution
		SolutionGuid = {478553B9-D59B-481A-80DB-916FD3919515}
	EndGlobalSection
EndGlobal
